
Microsoft Visual Studio Solution File, Format Version 12.00
# Visual Studio Version 16
VisualStudioVersion = 16.0.30002.166
MinimumVisualStudioVersion = 10.0.40219.1
Project("{FAE04EC0-301F-11D3-BF4B-00C04F79EFBC}") = "GoPro Webcam Beta helper", "GoPro Webcam Beta helper.csproj", "{3BEF2B61-7DC8-45F1-8E33-CDD0185FFA12}"
EndProject
Global
	GlobalSection(SolutionConfigurationPlatforms) = preSolution
		Debug|Any CPU = Debug|Any CPU
		Release|Any CPU = Release|Any CPU
	EndGlobalSection
	GlobalSection(ProjectConfigurationPlatforms) = postSolution
		{3BEF2B61-7DC8-45F1-8E33-CDD0185FFA12}.Debug|Any CPU.ActiveCfg = Debug|Any CPU
		{3BEF2B61-7DC8-45F1-8E33-CDD0185FFA12}.Debug|Any CPU.Build.0 = Debug|Any CPU
		{3BEF2B61-7DC8-45F1-8E33-CDD0185FFA12}.Release|Any CPU.ActiveCfg = Release|Any CPU
		{3BEF2B61-7DC8-45F1-8E33-CDD0185FFA12}.Release|Any CPU.Build.0 = Release|Any CPU
	EndGlobalSection
	GlobalSection(SolutionProperties) = preSolution
		HideSolutionNode = FALSE
	EndGlobalSection
	GlobalSection(ExtensibilityGlobals) = postSolution
		SolutionGuid = {10C82DE6-F73F-431E-AD52-923FC6DF3C11}
	EndGlobalSection
EndGlobal
